{
  "name": "2doctor-runway",
  "lockfileVersion": 3,
  "requires": true,
  "packages": {
    "": {
      "name": "2doctor-runway",
      "dependencies": {
        "@runwayml/sdk": "^4.20.1"
      }
    },
    "node_modules/@runwayml/sdk": {
      "version": "4.20.1",
      "resolved": "https://registry.npmjs.org/@runwayml/sdk/-/sdk-4.20.1.tgz",
      "integrity": "sha512-/dVLEVHjmibrsD6O4i7FeKGpLKOW2/NtMtWS+gqpGMWnBhy3+sLXWp6pcdSbnUoa91qwR8wZ0nMtd8ZyvupQMw==",
      "license": "Apache-2.0",
      "bin": {
        "runwayml-sdk": "bin/cli"
      }
    }
  }
}
